# THIS IS AN AUTOGENERATED FILE. DO NOT EDIT THIS FILE DIRECTLY.
# yarn lockfile v1


big-integer@^1.6.48:
  version "1.6.48"
  resolved "https://registry.yarnpkg.com/big-integer/-/big-integer-1.6.48.tgz#8fd88bd1632cba4a1c8c3e3d7159f08bb95b4b9e"
  integrity sha512-j51egjPa7/i+RdiRuJbPdJ2FIUYYPhvYLjzoYbcMMm62ooO6F94fETG4MTs46zPAF9Brs04OajboA/qTGuz78w==

eos-common@^0.8.0:
  version "0.8.0"
  resolved "https://registry.yarnpkg.com/eos-common/-/eos-common-0.8.0.tgz#c3fa90ffc5bca344c10bf7b07be3163fc60a451b"
  integrity sha512-Ptqg1JzwE296667+M2J02H8vXej2SHWF/KX8dnf3+q7A9tvBi/pJ9P8IDkEhffFJklD1z2v12q4621Xpjj/2LQ==
  dependencies:
    big-integer "^1.6.48"
